
Microsoft Visual Studio Solution File, Format Version 12.00
# Visual Studio 15
VisualStudioVersion = 15.0.26124.0
MinimumVisualStudioVersion = 15.0.26124.0
Project("{FAE04EC0-301F-11D3-BF4B-00C04F79EFBC}") = "ProAgil.webAPI", "ProAgil.WebAPI\ProAgil.webAPI.csproj", "{0B554732-0809-447C-AACC-F5F08C5B3A92}"
EndProject
Project("{FAE04EC0-301F-11D3-BF4B-00C04F79EFBC}") = "ProAgil.Repository", "ProAgil.Repository\ProAgil.Repository.csproj", "{DFBA407B-B7C1-46CD-A27E-A1EE8B245683}"
EndProject
Project("{FAE04EC0-301F-11D3-BF4B-00C04F79EFBC}") = "ProAgil.Domain", "ProAgil.Domain\ProAgil.Domain.csproj", "{72338F2C-5964-4D33-80E5-3255A578D85F}"
EndProject
Global
	GlobalSection(SolutionConfigurationPlatforms) = preSolution
		Debug|Any CPU = Debug|Any CPU
		Debug|x64 = Debug|x64
		Debug|x86 = Debug|x86
		Release|Any CPU = Release|Any CPU
		Release|x64 = Release|x64
		Release|x86 = Release|x86
	EndGlobalSection
	GlobalSection(SolutionProperties) = preSolution
		HideSolutionNode = FALSE
	EndGlobalSection
	GlobalSection(ProjectConfigurationPlatforms) = postSolution
		{0B554732-0809-447C-AACC-F5F08C5B3A92}.Debug|Any CPU.ActiveCfg = Debug|Any CPU
		{0B554732-0809-447C-AACC-F5F08C5B3A92}.Debug|Any CPU.Build.0 = Debug|Any CPU
		{0B554732-0809-447C-AACC-F5F08C5B3A92}.Debug|x64.ActiveCfg = Debug|Any CPU
		{0B554732-0809-447C-AACC-F5F08C5B3A92}.Debug|x64.Build.0 = Debug|Any CPU
		{0B554732-0809-447C-AACC-F5F08C5B3A92}.Debug|x86.ActiveCfg = Debug|Any CPU
		{0B554732-0809-447C-AACC-F5F08C5B3A92}.Debug|x86.Build.0 = Debug|Any CPU
		{0B554732-0809-447C-AACC-F5F08C5B3A92}.Release|Any CPU.ActiveCfg = Release|Any CPU
		{0B554732-0809-447C-AACC-F5F08C5B3A92}.Release|Any CPU.Build.0 = Release|Any CPU
		{0B554732-0809-447C-AACC-F5F08C5B3A92}.Release|x64.ActiveCfg = Release|Any CPU
		{0B554732-0809-447C-AACC-F5F08C5B3A92}.Release|x64.Build.0 = Release|Any CPU
		{0B554732-0809-447C-AACC-F5F08C5B3A92}.Release|x86.ActiveCfg = Release|Any CPU
		{0B554732-0809-447C-AACC-F5F08C5B3A92}.Release|x86.Build.0 = Release|Any CPU
		{DFBA407B-B7C1-46CD-A27E-A1EE8B245683}.Debug|Any CPU.ActiveCfg = Debug|Any CPU
		{DFBA407B-B7C1-46CD-A27E-A1EE8B245683}.Debug|Any CPU.Build.0 = Debug|Any CPU
		{DFBA407B-B7C1-46CD-A27E-A1EE8B245683}.Debug|x64.ActiveCfg = Debug|Any CPU
		{DFBA407B-B7C1-46CD-A27E-A1EE8B245683}.Debug|x64.Build.0 = Debug|Any CPU
		{DFBA407B-B7C1-46CD-A27E-A1EE8B245683}.Debug|x86.ActiveCfg = Debug|Any CPU
		{DFBA407B-B7C1-46CD-A27E-A1EE8B245683}.Debug|x86.Build.0 = Debug|Any CPU
		{DFBA407B-B7C1-46CD-A27E-A1EE8B245683}.Release|Any CPU.ActiveCfg = Release|Any CPU
		{DFBA407B-B7C1-46CD-A27E-A1EE8B245683}.Release|Any CPU.Build.0 = Release|Any CPU
		{DFBA407B-B7C1-46CD-A27E-A1EE8B245683}.Release|x64.ActiveCfg = Release|Any CPU
		{DFBA407B-B7C1-46CD-A27E-A1EE8B245683}.Release|x64.Build.0 = Release|Any CPU
		{DFBA407B-B7C1-46CD-A27E-A1EE8B245683}.Release|x86.ActiveCfg = Release|Any CPU
		{DFBA407B-B7C1-46CD-A27E-A1EE8B245683}.Release|x86.Build.0 = Release|Any CPU
		{72338F2C-5964-4D33-80E5-3255A578D85F}.Debug|Any CPU.ActiveCfg = Debug|Any CPU
		{72338F2C-5964-4D33-80E5-3255A578D85F}.Debug|Any CPU.Build.0 = Debug|Any CPU
		{72338F2C-5964-4D33-80E5-3255A578D85F}.Debug|x64.ActiveCfg = Debug|Any CPU
		{72338F2C-5964-4D33-80E5-3255A578D85F}.Debug|x64.Build.0 = Debug|Any CPU
		{72338F2C-5964-4D33-80E5-3255A578D85F}.Debug|x86.ActiveCfg = Debug|Any CPU
		{72338F2C-5964-4D33-80E5-3255A578D85F}.Debug|x86.Build.0 = Debug|Any CPU
		{72338F2C-5964-4D33-80E5-3255A578D85F}.Release|Any CPU.ActiveCfg = Release|Any CPU
		{72338F2C-5964-4D33-80E5-3255A578D85F}.Release|Any CPU.Build.0 = Release|Any CPU
		{72338F2C-5964-4D33-80E5-3255A578D85F}.Release|x64.ActiveCfg = Release|Any CPU
		{72338F2C-5964-4D33-80E5-3255A578D85F}.Release|x64.Build.0 = Release|Any CPU
		{72338F2C-5964-4D33-80E5-3255A578D85F}.Release|x86.ActiveCfg = Release|Any CPU
		{72338F2C-5964-4D33-80E5-3255A578D85F}.Release|x86.Build.0 = Release|Any CPU
	EndGlobalSection
EndGlobal
